
Microsoft Visual Studio Solution File, Format Version 12.00
# Visual Studio Version 16
VisualStudioVersion = 16.0.30717.126
MinimumVisualStudioVersion = 10.0.40219.1
Project("{FAE04EC0-301F-11D3-BF4B-00C04F79EFBC}") = "RazorPageMovies", "RazorPageMovies.csproj", "{549C94F5-2C87-48AE-8964-CDA1CEAB8384}"
EndProject
Global
	GlobalSection(SolutionConfigurationPlatforms) = preSolution
		Debug|Any CPU = Debug|Any CPU
		Release|Any CPU = Release|Any CPU
	EndGlobalSection
	GlobalSection(ProjectConfigurationPlatforms) = postSolution
		{549C94F5-2C87-48AE-8964-CDA1CEAB8384}.Debug|Any CPU.ActiveCfg = Debug|Any CPU
		{549C94F5-2C87-48AE-8964-CDA1CEAB8384}.Debug|Any CPU.Build.0 = Debug|Any CPU
		{549C94F5-2C87-48AE-8964-CDA1CEAB8384}.Release|Any CPU.ActiveCfg = Release|Any CPU
		{549C94F5-2C87-48AE-8964-CDA1CEAB8384}.Release|Any CPU.Build.0 = Release|Any CPU
	EndGlobalSection
	GlobalSection(SolutionProperties) = preSolution
		HideSolutionNode = FALSE
	EndGlobalSection
	GlobalSection(ExtensibilityGlobals) = postSolution
		SolutionGuid = {A715A486-2E9D-48FC-990D-D319D63B3CBF}
	EndGlobalSection
EndGlobal
